// !$*UTF8*$!
{
	archiveVersion = 1;
	classes = {
	};
	objectVersion = 52;
	objects = {

/* Begin PBXBuildFile section */
		2BFA8ED6260D466500D2E438 /* AppDelegate.swift in Sources */ = {isa = PBXBuildFile; fileRef = 2BFA8ED5260D466500D2E438 /* AppDelegate.swift */; };
		2BFA8ED8260D466500D2E438 /* SceneDelegate.swift in Sources */ = {isa = PBXBuildFile; fileRef = 2BFA8ED7260D466500D2E438 /* SceneDelegate.swift */; };
		2BFA8EDD260D466500D2E438 /* Main.storyboard in Resources */ = {isa = PBXBuildFile; fileRef = 2BFA8EDB260D466500D2E438 /* Main.storyboard */; };
		2BFA8EDF260D466600D2E438 /* Assets.xcassets in Resources */ = {isa = PBXBuildFile; fileRef = 2BFA8EDE260D466600D2E438 /* Assets.xcassets */; };
		2BFA8EE2260D466600D2E438 /* LaunchScreen.storyboard in Resources */ = {isa = PBXBuildFile; fileRef = 2BFA8EE0260D466600D2E438 /* LaunchScreen.storyboard */; };
		2BFA8F0A260D4B4300D2E438 /* MasterTableViewController.swift in Sources */ = {isa = PBXBuildFile; fileRef = 2BFA8F09260D4B4300D2E438 /* MasterTableViewController.swift */; };
		2BFA8F0F260D504D00D2E438 /* DetailViewController.swift in Sources */ = {isa = PBXBuildFile; fileRef = 2BFA8F0E260D504D00D2E438 /* DetailViewController.swift */; };
		2BFA8F15260D53ED00D2E438 /* Sourceful in Frameworks */ = {isa = PBXBuildFile; productRef = 2BFA8F14260D53ED00D2E438 /* Sourceful */; };
		2BFA8F2B260D5DD800D2E438 /* CodeFont.swift in Sources */ = {isa = PBXBuildFile; fileRef = 2BFA8F27260D5DD700D2E438 /* CodeFont.swift */; };
		2BFA8F2C260D5DD800D2E438 /* EditableToolbarView.swift in Sources */ = {isa = PBXBuildFile; fileRef = 2BFA8F28260D5DD700D2E438 /* EditableToolbarView.swift */; };
		2BFA8F2D260D5DD800D2E438 /* Themes.swift in Sources */ = {isa = PBXBuildFile; fileRef = 2BFA8F29260D5DD800D2E438 /* Themes.swift */; };
		2BFA8F2E260D5DD800D2E438 /* UIApplication+activeTraitCollection.swift in Sources */ = {isa = PBXBuildFile; fileRef = 2BFA8F2A260D5DD800D2E438 /* UIApplication+activeTraitCollection.swift */; };
		2BFA8F36260D60C300D2E438 /* Snippet.swift in Sources */ = {isa = PBXBuildFile; fileRef = 2BFA8F35260D60C300D2E438 /* Snippet.swift */; };
/* End PBXBuildFile section */

/* Begin PBXFileReference section */
		2BFA8ED2260D466500D2E438 /* CatalogoSnippets.app */ = {isa = PBXFileReference; explicitFileType = wrapper.application; includeInIndex = 0; path = CatalogoSnippets.app; sourceTree = BUILT_PRODUCTS_DIR; };
		2BFA8ED5260D466500D2E438 /* AppDelegate.swift */ = {isa = PBXFileReference; lastKnownFileType = sourcecode.swift; path = AppDelegate.swift; sourceTree = "<group>"; };
		2BFA8ED7260D466500D2E438 /* SceneDelegate.swift */ = {isa = PBXFileReference; lastKnownFileType = sourcecode.swift; path = SceneDelegate.swift; sourceTree = "<group>"; };
		2BFA8EDC260D466500D2E438 /* Base */ = {isa = PBXFileReference; lastKnownFileType = file.storyboard; name = Base; path = Base.lproj/Main.storyboard; sourceTree = "<group>"; };
		2BFA8EDE260D466600D2E438 /* Assets.xcassets */ = {isa = PBXFileReference; lastKnownFileType = folder.assetcatalog; path = Assets.xcassets; sourceTree = "<group>"; };
		2BFA8EE1260D466600D2E438 /* Base */ = {isa = PBXFileReference; lastKnownFileType = file.storyboard; name = Base; path = Base.lproj/LaunchScreen.storyboard; sourceTree = "<group>"; };
		2BFA8EE3260D466600D2E438 /* Info.plist */ = {isa = PBXFileReference; lastKnownFileType = text.plist.xml; path = Info.plist; sourceTree = "<group>"; };
		2BFA8F09260D4B4300D2E438 /* MasterTableViewController.swift */ = {isa = PBXFileReference; lastKnownFileType = sourcecode.swift; path = MasterTableViewController.swift; sourceTree = "<group>"; };
		2BFA8F0E260D504D00D2E438 /* DetailViewController.swift */ = {isa = PBXFileReference; lastKnownFileType = sourcecode.swift; path = DetailViewController.swift; sourceTree = "<group>"; };
		2BFA8F27260D5DD700D2E438 /* CodeFont.swift */ = {isa = PBXFileReference; fileEncoding = 4; lastKnownFileType = sourcecode.swift; path = CodeFont.swift; sourceTree = "<group>"; };
		2BFA8F28260D5DD700D2E438 /* EditableToolbarView.swift */ = {isa = PBXFileReference; fileEncoding = 4; lastKnownFileType = sourcecode.swift; path = EditableToolbarView.swift; sourceTree = "<group>"; };
		2BFA8F29260D5DD800D2E438 /* Themes.swift */ = {isa = PBXFileReference; fileEncoding = 4; lastKnownFileType = sourcecode.swift; path = Themes.swift; sourceTree = "<group>"; };
		2BFA8F2A260D5DD800D2E438 /* UIApplication+activeTraitCollection.swift */ = {isa = PBXFileReference; fileEncoding = 4; lastKnownFileType = sourcecode.swift; path = "UIApplication+activeTraitCollection.swift"; sourceTree = "<group>"; };
		2BFA8F35260D60C300D2E438 /* Snippet.swift */ = {isa = PBXFileReference; lastKnownFileType = sourcecode.swift; path = Snippet.swift; sourceTree = "<group>"; };
/* End PBXFileReference section */

/* Begin PBXFrameworksBuildPhase section */
		2BFA8ECF260D466500D2E438 /* Frameworks */ = {
			isa = PBXFrameworksBuildPhase;
			buildActionMask = 2147483647;
			files = (
				2BFA8F15260D53ED00D2E438 /* Sourceful in Frameworks */,
			);
			runOnlyForDeploymentPostprocessing = 0;
		};
/* End PBXFrameworksBuildPhase section */

/* Begin PBXGroup section */
		2BFA8EC9260D466500D2E438 = {
			isa = PBXGroup;
			children = (
				2BFA8ED4260D466500D2E438 /* CatalogoSnippets */,
				2BFA8ED3260D466500D2E438 /* Products */,
			);
			sourceTree = "<group>";
		};
		2BFA8ED3260D466500D2E438 /* Products */ = {
			isa = PBXGroup;
			children = (
				2BFA8ED2260D466500D2E438 /* CatalogoSnippets.app */,
			);
			name = Products;
			sourceTree = "<group>";
		};
		2BFA8ED4260D466500D2E438 /* CatalogoSnippets */ = {
			isa = PBXGroup;
			children = (
				2BFA8ED5260D466500D2E438 /* AppDelegate.swift */,
				2BFA8ED7260D466500D2E438 /* SceneDelegate.swift */,
				2BFA8F09260D4B4300D2E438 /* MasterTableViewController.swift */,
				2BFA8F0E260D504D00D2E438 /* DetailViewController.swift */,
				2BFA8F35260D60C300D2E438 /* Snippet.swift */,
				2BFA8EDB260D466500D2E438 /* Main.storyboard */,
				2BFA8F32260D600700D2E438 /* Utils */,
				2BFA8EDE260D466600D2E438 /* Assets.xcassets */,
				2BFA8EE0260D466600D2E438 /* LaunchScreen.storyboard */,
				2BFA8EE3260D466600D2E438 /* Info.plist */,
			);
			path = CatalogoSnippets;
			sourceTree = "<group>";
		};
		2BFA8F32260D600700D2E438 /* Utils */ = {
			isa = PBXGroup;
			children = (
				2BFA8F27260D5DD700D2E438 /* CodeFont.swift */,
				2BFA8F28260D5DD700D2E438 /* EditableToolbarView.swift */,
				2BFA8F29260D5DD800D2E438 /* Themes.swift */,
				2BFA8F2A260D5DD800D2E438 /* UIApplication+activeTraitCollection.swift */,
			);
			path = Utils;
			sourceTree = "<group>";
		};
/* End PBXGroup section */

/* Begin PBXNativeTarget section */
		2BFA8ED1260D466500D2E438 /* CatalogoSnippets */ = {
			isa = PBXNativeTarget;
			buildConfigurationList = 2BFA8EE6260D466600D2E438 /* Build configuration list for PBXNativeTarget "CatalogoSnippets" */;
			buildPhases = (
				2BFA8ECE260D466500D2E438 /* Sources */,
				2BFA8ECF260D466500D2E438 /* Frameworks */,
				2BFA8ED0260D466500D2E438 /* Resources */,
			);
			buildRules = (
			);
			dependencies = (
			);
			name = CatalogoSnippets;
			packageProductDependencies = (
				2BFA8F14260D53ED00D2E438 /* Sourceful */,
			);
			productName = CatalogoSnippets;
			productReference = 2BFA8ED2260D466500D2E438 /* CatalogoSnippets.app */;
			productType = "com.apple.product-type.application";
		};
/* End PBXNativeTarget section */

/* Begin PBXProject section */
		2BFA8ECA260D466500D2E438 /* Project object */ = {
			isa = PBXProject;
			attributes = {
				LastSwiftUpdateCheck = 1240;
				LastUpgradeCheck = 1240;
				TargetAttributes = {
					2BFA8ED1260D466500D2E438 = {
						CreatedOnToolsVersion = 12.4;
					};
				};
			};
			buildConfigurationList = 2BFA8ECD260D466500D2E438 /* Build configuration list for PBXProject "CatalogoSnippets" */;
			compatibilityVersion = "Xcode 9.3";
			developmentRegion = en;
			hasScannedForEncodings = 0;
			knownRegions = (
				en,
				Base,
			);
			mainGroup = 2BFA8EC9260D466500D2E438;
			packageReferences = (
				2BFA8F13260D53ED00D2E438 /* XCRemoteSwiftPackageReference "Sourceful" */,
			);
			productRefGroup = 2BFA8ED3260D466500D2E438 /* Products */;
			projectDirPath = "";
			projectRoot = "";
			targets = (
				2BFA8ED1260D466500D2E438 /* CatalogoSnippets */,
			);
		};
/* End PBXProject section */

/* Begin PBXResourcesBuildPhase section */
		2BFA8ED0260D466500D2E438 /* Resources */ = {
			isa = PBXResourcesBuildPhase;
			buildActionMask = 2147483647;
			files = (
				2BFA8EE2260D466600D2E438 /* LaunchScreen.storyboard in Resources */,
				2BFA8EDF260D466600D2E438 /* Assets.xcassets in Resources */,
				2BFA8EDD260D466500D2E438 /* Main.storyboard in Resources */,
			);
			runOnlyForDeploymentPostprocessing = 0;
		};
/* End PBXResourcesBuildPhase section */

/* Begin PBXSourcesBuildPhase section */
		2BFA8ECE260D466500D2E438 /* Sources */ = {
			isa = PBXSourcesBuildPhase;
			buildActionMask = 2147483647;
			files = (
				2BFA8F2D260D5DD800D2E438 /* Themes.swift in Sources */,
				2BFA8ED6260D466500D2E438 /* AppDelegate.swift in Sources */,
				2BFA8F0A260D4B4300D2E438 /* MasterTableViewController.swift in Sources */,
				2BFA8F36260D60C300D2E438 /* Snippet.swift in Sources */,
				2BFA8F2C260D5DD800D2E438 /* EditableToolbarView.swift in Sources */,
				2BFA8ED8260D466500D2E438 /* SceneDelegate.swift in Sources */,
				2BFA8F2E260D5DD800D2E438 /* UIApplication+activeTraitCollection.swift in Sources */,
				2BFA8F2B260D5DD800D2E438 /* CodeFont.swift in Sources */,
				2BFA8F0F260D504D00D2E438 /* DetailViewController.swift in Sources */,
			);
			runOnlyForDeploymentPostprocessing = 0;
		};
/* End PBXSourcesBuildPhase section */

/* Begin PBXVariantGroup section */
		2BFA8EDB260D466500D2E438 /* Main.storyboard */ = {
			isa = PBXVariantGroup;
			children = (
				2BFA8EDC260D466500D2E438 /* Base */,
			);
			name = Main.storyboard;
			sourceTree = "<group>";
		};
		2BFA8EE0260D466600D2E438 /* LaunchScreen.storyboard */ = {
			isa = PBXVariantGroup;
			children = (
				2BFA8EE1260D466600D2E438 /* Base */,
			);
			name = LaunchScreen.storyboard;
			sourceTree = "<group>";
		};
/* End PBXVariantGroup section */

/* Begin XCBuildConfiguration section */
		2BFA8EE4260D466600D2E438 /* Debug */ = {
			isa = XCBuildConfiguration;
			buildSettings = {
				ALWAYS_SEARCH_USER_PATHS = NO;
				CLANG_ANALYZER_LOCALIZABILITY_NONLOCALIZED = YES;
				CLANG_ANALYZER_NONNULL = YES;
				CLANG_ANALYZER_NUMBER_OBJECT_CONVERSION = YES_AGGRESSIVE;
				CLANG_CXX_LANGUAGE_STANDARD = "gnu++14";
				CLANG_CXX_LIBRARY = "libc++";
				CLANG_ENABLE_MODULES = YES;
				CLANG_ENABLE_OBJC_ARC = YES;
				CLANG_ENABLE_OBJC_WEAK = YES;
				CLANG_WARN_BLOCK_CAPTURE_AUTORELEASING = YES;
				CLANG_WARN_BOOL_CONVERSION = YES;
				CLANG_WARN_COMMA = YES;
				CLANG_WARN_CONSTANT_CONVERSION = YES;
				CLANG_WARN_DEPRECATED_OBJC_IMPLEMENTATIONS = YES;
				CLANG_WARN_DIRECT_OBJC_ISA_USAGE = YES_ERROR;
				CLANG_WARN_DOCUMENTATION_COMMENTS = YES;
				CLANG_WARN_EMPTY_BODY = YES;
				CLANG_WARN_ENUM_CONVERSION = YES;
				CLANG_WARN_INFINITE_RECURSION = YES;
				CLANG_WARN_INT_CONVERSION = YES;
				CLANG_WARN_NON_LITERAL_NULL_CONVERSION = YES;
				CLANG_WARN_OBJC_IMPLICIT_RETAIN_SELF = YES;
				CLANG_WARN_OBJC_LITERAL_CONVERSION = YES;
				CLANG_WARN_OBJC_ROOT_CLASS = YES_ERROR;
				CLANG_WARN_QUOTED_INCLUDE_IN_FRAMEWORK_HEADER = YES;
				CLANG_WARN_RANGE_LOOP_ANALYSIS = YES;
				CLANG_WARN_STRICT_PROTOTYPES = YES;
				CLANG_WARN_SUSPICIOUS_MOVE = YES;
				CLANG_WARN_UNGUARDED_AVAILABILITY = YES_AGGRESSIVE;
				CLANG_WARN_UNREACHABLE_CODE = YES;
				CLANG_WARN__DUPLICATE_METHOD_MATCH = YES;
				COPY_PHASE_STRIP = NO;
				DEBUG_INFORMATION_FORMAT = dwarf;
				ENABLE_STRICT_OBJC_MSGSEND = YES;
				ENABLE_TESTABILITY = YES;
				GCC_C_LANGUAGE_STANDARD = gnu11;
				GCC_DYNAMIC_NO_PIC = NO;
				GCC_NO_COMMON_BLOCKS = YES;
				GCC_OPTIMIZATION_LEVEL = 0;
				GCC_PREPROCESSOR_DEFINITIONS = (
					"DEBUG=1",
					"$(inherited)",
				);
				GCC_WARN_64_TO_32_BIT_CONVERSION = YES;
				GCC_WARN_ABOUT_RETURN_TYPE = YES_ERROR;
				GCC_WARN_UNDECLARED_SELECTOR = YES;
				GCC_WARN_UNINITIALIZED_AUTOS = YES_AGGRESSIVE;
				GCC_WARN_UNUSED_FUNCTION = YES;
				GCC_WARN_UNUSED_VARIABLE = YES;
				IPHONEOS_DEPLOYMENT_TARGET = 14.4;
				MTL_ENABLE_DEBUG_INFO = INCLUDE_SOURCE;
				MTL_FAST_MATH = YES;
				ONLY_ACTIVE_ARCH = YES;
				SDKROOT = iphoneos;
				SWIFT_ACTIVE_COMPILATION_CONDITIONS = DEBUG;
				SWIFT_OPTIMIZATION_LEVEL = "-Onone";
			};
			name = Debug;
		};
		2BFA8EE5260D466600D2E438 /* Release */ = {
			isa = XCBuildConfiguration;
			buildSettings = {
				ALWAYS_SEARCH_USER_PATHS = NO;
				CLANG_ANALYZER_LOCALIZABILITY_NONLOCALIZED = YES;
				CLANG_ANALYZER_NONNULL = YES;
				CLANG_ANALYZER_NUMBER_OBJECT_CONVERSION = YES_AGGRESSIVE;
				CLANG_CXX_LANGUAGE_STANDARD = "gnu++14";
				CLANG_CXX_LIBRARY = "libc++";
				CLANG_ENABLE_MODULES = YES;
				CLANG_ENABLE_OBJC_ARC = YES;
				CLANG_ENABLE_OBJC_WEAK = YES;
				CLANG_WARN_BLOCK_CAPTURE_AUTORELEASING = YES;
				CLANG_WARN_BOOL_CONVERSION = YES;
				CLANG_WARN_COMMA = YES;
				CLANG_WARN_CONSTANT_CONVERSION = YES;
				CLANG_WARN_DEPRECATED_OBJC_IMPLEMENTATIONS = YES;
				CLANG_WARN_DIRECT_OBJC_ISA_USAGE = YES_ERROR;
				CLANG_WARN_DOCUMENTATION_COMMENTS = YES;
				CLANG_WARN_EMPTY_BODY = YES;
				CLANG_WARN_ENUM_CONVERSION = YES;
				CLANG_WARN_INFINITE_RECURSION = YES;
				CLANG_WARN_INT_CONVERSION = YES;
				CLANG_WARN_NON_LITERAL_NULL_CONVERSION = YES;
				CLANG_WARN_OBJC_IMPLICIT_RETAIN_SELF = YES;
				CLANG_WARN_OBJC_LITERAL_CONVERSION = YES;
				CLANG_WARN_OBJC_ROOT_CLASS = YES_ERROR;
				CLANG_WARN_QUOTED_INCLUDE_IN_FRAMEWORK_HEADER = YES;
				CLANG_WARN_RANGE_LOOP_ANALYSIS = YES;
				CLANG_WARN_STRICT_PROTOTYPES = YES;
				CLANG_WARN_SUSPICIOUS_MOVE = YES;
				CLANG_WARN_UNGUARDED_AVAILABILITY = YES_AGGRESSIVE;
				CLANG_WARN_UNREACHABLE_CODE = YES;
				CLANG_WARN__DUPLICATE_METHOD_MATCH = YES;
				COPY_PHASE_STRIP = NO;
				DEBUG_INFORMATION_FORMAT = "dwarf-with-dsym";
				ENABLE_NS_ASSERTIONS = NO;
				ENABLE_STRICT_OBJC_MSGSEND = YES;
				GCC_C_LANGUAGE_STANDARD = gnu11;
				GCC_NO_COMMON_BLOCKS = YES;
				GCC_WARN_64_TO_32_BIT_CONVERSION = YES;
				GCC_WARN_ABOUT_RETURN_TYPE = YES_ERROR;
				GCC_WARN_UNDECLARED_SELECTOR = YES;
				GCC_WARN_UNINITIALIZED_AUTOS = YES_AGGRESSIVE;
				GCC_WARN_UNUSED_FUNCTION = YES;
				GCC_WARN_UNUSED_VARIABLE = YES;
				IPHONEOS_DEPLOYMENT_TARGET = 14.4;
				MTL_ENABLE_DEBUG_INFO = NO;
				MTL_FAST_MATH = YES;
				SDKROOT = iphoneos;
				SWIFT_COMPILATION_MODE = wholemodule;
				SWIFT_OPTIMIZATION_LEVEL = "-O";
				VALIDATE_PRODUCT = YES;
			};
			name = Release;
		};
		2BFA8EE7260D466600D2E438 /* Debug */ = {
			isa = XCBuildConfiguration;
			buildSettings = {
				ASSETCATALOG_COMPILER_APPICON_NAME = AppIcon;
				ASSETCATALOG_COMPILER_GLOBAL_ACCENT_COLOR_NAME = AccentColor;
				CODE_SIGN_STYLE = Automatic;
				INFOPLIST_FILE = CatalogoSnippets/Info.plist;
				LD_RUNPATH_SEARCH_PATHS = (
					"$(inherited)",
					"@executable_path/Frameworks",
				);
				PRODUCT_BUNDLE_IDENTIFIER = com.imvm.CatalogoSnippets;
				PRODUCT_NAME = "$(TARGET_NAME)";
				SWIFT_VERSION = 5.0;
				TARGETED_DEVICE_FAMILY = "1,2";
			};
			name = Debug;
		};
		2BFA8EE8260D466600D2E438 /* Release */ = {
			isa = XCBuildConfiguration;
			buildSettings = {
				ASSETCATALOG_COMPILER_APPICON_NAME = AppIcon;
				ASSETCATALOG_COMPILER_GLOBAL_ACCENT_COLOR_NAME = AccentColor;
				CODE_SIGN_STYLE = Automatic;
				INFOPLIST_FILE = CatalogoSnippets/Info.plist;
				LD_RUNPATH_SEARCH_PATHS = (
					"$(inherited)",
					"@executable_path/Frameworks",
				);
				PRODUCT_BUNDLE_IDENTIFIER = com.imvm.CatalogoSnippets;
				PRODUCT_NAME = "$(TARGET_NAME)";
				SWIFT_VERSION = 5.0;
				TARGETED_DEVICE_FAMILY = "1,2";
			};
			name = Release;
		};
/* End XCBuildConfiguration section */

/* Begin XCConfigurationList section */
		2BFA8ECD260D466500D2E438 /* Build configuration list for PBXProject "CatalogoSnippets" */ = {
			isa = XCConfigurationList;
			buildConfigurations = (
				2BFA8EE4260D466600D2E438 /* Debug */,
				2BFA8EE5260D466600D2E438 /* Release */,
			);
			defaultConfigurationIsVisible = 0;
			defaultConfigurationName = Release;
		};
		2BFA8EE6260D466600D2E438 /* Build configuration list for PBXNativeTarget "CatalogoSnippets" */ = {
			isa = XCConfigurationList;
			buildConfigurations = (
				2BFA8EE7260D466600D2E438 /* Debug */,
				2BFA8EE8260D466600D2E438 /* Release */,
			);
			defaultConfigurationIsVisible = 0;
			defaultConfigurationName = Release;
		};
/* End XCConfigurationList section */

/* Begin XCRemoteSwiftPackageReference section */
		2BFA8F13260D53ED00D2E438 /* XCRemoteSwiftPackageReference "Sourceful" */ = {
			isa = XCRemoteSwiftPackageReference;
			repositoryURL = "https://github.com/twostraws/Sourceful";
			requirement = {
				kind = upToNextMajorVersion;
				minimumVersion = 0.3.0;
			};
		};
/* End XCRemoteSwiftPackageReference section */

/* Begin XCSwiftPackageProductDependency section */
		2BFA8F14260D53ED00D2E438 /* Sourceful */ = {
			isa = XCSwiftPackageProductDependency;
			package = 2BFA8F13260D53ED00D2E438 /* XCRemoteSwiftPackageReference "Sourceful" */;
			productName = Sourceful;
		};
/* End XCSwiftPackageProductDependency section */
	};
	rootObject = 2BFA8ECA260D466500D2E438 /* Project object */;
}
